Microsoft Visual Studio Solution File, Format Version 12.00
# Visual Studio 14
VisualStudioVersion = 14.0.23107.0
MinimumVisualStudioVersion = 10.0.40219.1
Project("{FAE04EC0-301F-11D3-BF4B-00C04F79EFBC}") = "FacultySchedulesUserClient", "FacultySchedulesUserClient\FacultySchedulesUserClient.csproj", "{8541FA21-6CBC-4B44-B3A1-30E48A7CFE25}"
EndProject
Project("{FAE04EC0-301F-11D3-BF4B-00C04F79EFBC}") = "FacultySchedulesUserClient.Tests", "FacultySchedulesUserClient.Tests\FacultySchedulesUserClient.Tests.csproj", "{F4F15636-E8BF-438D-91D3-0CB955AFBCA5}"
EndProject
Global
	GlobalSection(SolutionConfigurationPlatforms) = preSolution
		Debug|Any CPU = Debug|Any CPU
		Release|Any CPU = Release|Any CPU
	EndGlobalSection
	GlobalSection(ProjectConfigurationPlatforms) = postSolution
		{8541FA21-6CBC-4B44-B3A1-30E48A7CFE25}.Debug|Any CPU.ActiveCfg = Debug|Any CPU
		{8541FA21-6CBC-4B44-B3A1-30E48A7CFE25}.Debug|Any CPU.Build.0 = Debug|Any CPU
		{8541FA21-6CBC-4B44-B3A1-30E48A7CFE25}.Release|Any CPU.ActiveCfg = Release|Any CPU
		{8541FA21-6CBC-4B44-B3A1-30E48A7CFE25}.Release|Any CPU.Build.0 = Release|Any CPU
		{F4F15636-E8BF-438D-91D3-0CB955AFBCA5}.Debug|Any CPU.ActiveCfg = Debug|Any CPU
		{F4F15636-E8BF-438D-91D3-0CB955AFBCA5}.Debug|Any CPU.Build.0 = Debug|Any CPU
		{F4F15636-E8BF-438D-91D3-0CB955AFBCA5}.Release|Any CPU.ActiveCfg = Release|Any CPU
		{F4F15636-E8BF-438D-91D3-0CB955AFBCA5}.Release|Any CPU.Build.0 = Release|Any CPU
	EndGlobalSection
	GlobalSection(SolutionProperties) = preSolution
		HideSolutionNode = FALSE
	EndGlobalSection
EndGlobal
